
Microsoft Visual Studio Solution File, Format Version 12.00
# Visual Studio 15
VisualStudioVersion = 15.0.27004.2009
MinimumVisualStudioVersion = 10.0.40219.1
Project("{8BC9CEB8-8B4A-11D0-8D11-00A0C91BC942}") = "Perf", "Perf\Perf.vcxproj", "{812BC8FB-E0B9-4B93-A5DF-031C3248534A}"
EndProject
Project("{8BC9CEB8-8B4A-11D0-8D11-00A0C91BC942}") = "PerfTest", "PerfTest\PerfTest.vcxproj", "{91318271-684B-4C32-969F-657B14668C23}"
	ProjectSection(ProjectDependencies) = postProject
		{812BC8FB-E0B9-4B93-A5DF-031C3248534A} = {812BC8FB-E0B9-4B93-A5DF-031C3248534A}
	EndProjectSection
EndProject
Global
	GlobalSection(SolutionConfigurationPlatforms) = preSolution
		Debug|Win32 = Debug|Win32
		Debug|x64 = Debug|x64
		Release|Win32 = Release|Win32
		Release|x64 = Release|x64
	EndGlobalSection
	GlobalSection(ProjectConfigurationPlatforms) = postSolution
		{812BC8FB-E0B9-4B93-A5DF-031C3248534A}.Debug|Win32.ActiveCfg = Debug|Win32
		{812BC8FB-E0B9-4B93-A5DF-031C3248534A}.Debug|Win32.Build.0 = Debug|Win32
		{812BC8FB-E0B9-4B93-A5DF-031C3248534A}.Debug|x64.ActiveCfg = Debug|x64
		{812BC8FB-E0B9-4B93-A5DF-031C3248534A}.Debug|x64.Build.0 = Debug|x64
		{812BC8FB-E0B9-4B93-A5DF-031C3248534A}.Release|Win32.ActiveCfg = Release|Win32
		{812BC8FB-E0B9-4B93-A5DF-031C3248534A}.Release|Win32.Build.0 = Release|Win32
		{812BC8FB-E0B9-4B93-A5DF-031C3248534A}.Release|x64.ActiveCfg = Release|x64
		{812BC8FB-E0B9-4B93-A5DF-031C3248534A}.Release|x64.Build.0 = Release|x64
		{91318271-684B-4C32-969F-657B14668C23}.Debug|Win32.ActiveCfg = Debug|Win32
		{91318271-684B-4C32-969F-657B14668C23}.Debug|Win32.Build.0 = Debug|Win32
		{91318271-684B-4C32-969F-657B14668C23}.Debug|x64.ActiveCfg = Debug|x64
		{91318271-684B-4C32-969F-657B14668C23}.Debug|x64.Build.0 = Debug|x64
		{91318271-684B-4C32-969F-657B14668C23}.Release|Win32.ActiveCfg = Release|Win32
		{91318271-684B-4C32-969F-657B14668C23}.Release|Win32.Build.0 = Release|Win32
		{91318271-684B-4C32-969F-657B14668C23}.Release|x64.ActiveCfg = Release|x64
		{91318271-684B-4C32-969F-657B14668C23}.Release|x64.Build.0 = Release|x64
	EndGlobalSection
	GlobalSection(SolutionProperties) = preSolution
		HideSolutionNode = FALSE
	EndGlobalSection
	GlobalSection(ExtensibilityGlobals) = postSolution
		SolutionGuid = {2E9835EC-3094-4817-BB0C-875C8B281BFF}
	EndGlobalSection
EndGlobal
